
Microsoft Visual Studio Solution File, Format Version 12.00
# Visual Studio 15
VisualStudioVersion = 15.0.28307.421
MinimumVisualStudioVersion = 10.0.40219.1
Project("{FAE04EC0-301F-11D3-BF4B-00C04F79EFBC}") = "Products", "Products\Products.csproj", "{073BBC23-8C7E-4147-99E4-FFC7E5F53A10}"
EndProject
Global
	GlobalSection(SolutionConfigurationPlatforms) = preSolution
		Debug|Any CPU = Debug|Any CPU
		Release|Any CPU = Release|Any CPU
	EndGlobalSection
	GlobalSection(ProjectConfigurationPlatforms) = postSolution
		{073BBC23-8C7E-4147-99E4-FFC7E5F53A10}.Debug|Any CPU.ActiveCfg = Debug|Any CPU
		{073BBC23-8C7E-4147-99E4-FFC7E5F53A10}.Debug|Any CPU.Build.0 = Debug|Any CPU
		{073BBC23-8C7E-4147-99E4-FFC7E5F53A10}.Release|Any CPU.ActiveCfg = Release|Any CPU
		{073BBC23-8C7E-4147-99E4-FFC7E5F53A10}.Release|Any CPU.Build.0 = Release|Any CPU
	EndGlobalSection
	GlobalSection(SolutionProperties) = preSolution
		HideSolutionNode = FALSE
	EndGlobalSection
	GlobalSection(ExtensibilityGlobals) = postSolution
		SolutionGuid = {6149D2D2-2989-4A81-9505-407B2FE492A2}
	EndGlobalSection
EndGlobal
